// !$*UTF8*$!
{
	archiveVersion = 1;
	classes = {
	};
	objectVersion = 50;
	objects = {

/* Begin PBXBuildFile section */
		2DE6CB7924013C8500C99E1F /* GridLayout.h in Headers */ = {isa = PBXBuildFile; fileRef = 2DE6CB7724013C8500C99E1F /* GridLayout.h */; settings = {ATTRIBUTES = (Public, ); }; };
		2DE6CB8624013CB400C99E1F /* AppDelegate.swift in Sources */ = {isa = PBXBuildFile; fileRef = 2DE6CB8524013CB400C99E1F /* AppDelegate.swift */; };
		2DE6CB8C24013CB600C99E1F /* Assets.xcassets in Resources */ = {isa = PBXBuildFile; fileRef = 2DE6CB8B24013CB600C99E1F /* Assets.xcassets */; };
		2DE6CB9224013CB600C99E1F /* LaunchScreen.storyboard in Resources */ = {isa = PBXBuildFile; fileRef = 2DE6CB9024013CB600C99E1F /* LaunchScreen.storyboard */; };
		2DE6CB9D24013CB600C99E1F /* GridLayoutExampleTests.swift in Sources */ = {isa = PBXBuildFile; fileRef = 2DE6CB9C24013CB600C99E1F /* GridLayoutExampleTests.swift */; };
/* End PBXBuildFile section */

/* Begin PBXContainerItemProxy section */
		2DE6CB9924013CB600C99E1F /* PBXContainerItemProxy */ = {
			isa = PBXContainerItemProxy;
			containerPortal = 2DE6CB6B24013C8500C99E1F /* Project object */;
			proxyType = 1;
			remoteGlobalIDString = 2DE6CB8224013CB400C99E1F;
			remoteInfo = GridLayoutExample;
		};
		2DE6CBA524013D5600C99E1F /* PBXContainerItemProxy */ = {
			isa = PBXContainerItemProxy;
			containerPortal = 2DE6CB6B24013C8500C99E1F /* Project object */;
			proxyType = 1;
			remoteGlobalIDString = 2DE6CB7324013C8500C99E1F;
			remoteInfo = GridLayout;
		};
/* End PBXContainerItemProxy section */

/* Begin PBXFileReference section */
		2DE6CB7424013C8500C99E1F /* GridLayout.framework */ = {isa = PBXFileReference; explicitFileType = wrapper.framework; includeInIndex = 0; path = GridLayout.framework; sourceTree = BUILT_PRODUCTS_DIR; };
		2DE6CB7724013C8500C99E1F /* GridLayout.h */ = {isa = PBXFileReference; lastKnownFileType = sourcecode.c.h; path = GridLayout.h; sourceTree = "<group>"; };
		2DE6CB7824013C8500C99E1F /* Info.plist */ = {isa = PBXFileReference; lastKnownFileType = text.plist.xml; path = Info.plist; sourceTree = "<group>"; };
		2DE6CB8324013CB400C99E1F /* GridLayoutExample.app */ = {isa = PBXFileReference; explicitFileType = wrapper.application; includeInIndex = 0; path = GridLayoutExample.app; sourceTree = BUILT_PRODUCTS_DIR; };
		2DE6CB8524013CB400C99E1F /* AppDelegate.swift */ = {isa = PBXFileReference; lastKnownFileType = sourcecode.swift; path = AppDelegate.swift; sourceTree = "<group>"; };
		2DE6CB8B24013CB600C99E1F /* Assets.xcassets */ = {isa = PBXFileReference; lastKnownFileType = folder.assetcatalog; path = Assets.xcassets; sourceTree = "<group>"; };
		2DE6CB9124013CB600C99E1F /* Base */ = {isa = PBXFileReference; lastKnownFileType = file.storyboard; name = Base; path = Base.lproj/LaunchScreen.storyboard; sourceTree = "<group>"; };
		2DE6CB9324013CB600C99E1F /* Info.plist */ = {isa = PBXFileReference; lastKnownFileType = text.plist.xml; path = Info.plist; sourceTree = "<group>"; };
		2DE6CB9824013CB600C99E1F /* GridLayoutExampleTests.xctest */ = {isa = PBXFileReference; explicitFileType = wrapper.cfbundle; includeInIndex = 0; path = GridLayoutExampleTests.xctest; sourceTree = BUILT_PRODUCTS_DIR; };
		2DE6CB9C24013CB600C99E1F /* GridLayoutExampleTests.swift */ = {isa = PBXFileReference; lastKnownFileType = sourcecode.swift; path = GridLayoutExampleTests.swift; sourceTree = "<group>"; };
		2DE6CB9E24013CB600C99E1F /* Info.plist */ = {isa = PBXFileReference; lastKnownFileType = text.plist.xml; path = Info.plist; sourceTree = "<group>"; };
/* End PBXFileReference section */

/* Begin PBXFrameworksBuildPhase section */
		2DE6CB7124013C8500C99E1F /* Frameworks */ = {
			isa = PBXFrameworksBuildPhase;
			buildActionMask = 2147483647;
			files = (
			);
			runOnlyForDeploymentPostprocessing = 0;
		};
		2DE6CB8024013CB400C99E1F /* Frameworks */ = {
			isa = PBXFrameworksBuildPhase;
			buildActionMask = 2147483647;
			files = (
			);
			runOnlyForDeploymentPostprocessing = 0;
		};
		2DE6CB9524013CB600C99E1F /* Frameworks */ = {
			isa = PBXFrameworksBuildPhase;
			buildActionMask = 2147483647;
			files = (
			);
			runOnlyForDeploymentPostprocessing = 0;
		};
/* End PBXFrameworksBuildPhase section */

/* Begin PBXGroup section */
		2DE6CB6A24013C8500C99E1F = {
			isa = PBXGroup;
			children = (
				2DE6CB7624013C8500C99E1F /* GridLayout */,
				2DE6CB8424013CB400C99E1F /* GridLayoutExample */,
				2DE6CB9B24013CB600C99E1F /* GridLayoutExampleTests */,
				2DE6CB7524013C8500C99E1F /* Products */,
			);
			sourceTree = "<group>";
		};
		2DE6CB7524013C8500C99E1F /* Products */ = {
			isa = PBXGroup;
			children = (
				2DE6CB7424013C8500C99E1F /* GridLayout.framework */,
				2DE6CB8324013CB400C99E1F /* GridLayoutExample.app */,
				2DE6CB9824013CB600C99E1F /* GridLayoutExampleTests.xctest */,
			);
			name = Products;
			sourceTree = "<group>";
		};
		2DE6CB7624013C8500C99E1F /* GridLayout */ = {
			isa = PBXGroup;
			children = (
				2DE6CB7724013C8500C99E1F /* GridLayout.h */,
				2DE6CB7824013C8500C99E1F /* Info.plist */,
			);
			path = GridLayout;
			sourceTree = "<group>";
		};
		2DE6CB8424013CB400C99E1F /* GridLayoutExample */ = {
			isa = PBXGroup;
			children = (
				2DE6CB8524013CB400C99E1F /* AppDelegate.swift */,
				2DE6CB8B24013CB600C99E1F /* Assets.xcassets */,
				2DE6CB9024013CB600C99E1F /* LaunchScreen.storyboard */,
				2DE6CB9324013CB600C99E1F /* Info.plist */,
			);
			path = GridLayoutExample;
			sourceTree = "<group>";
		};
		2DE6CB9B24013CB600C99E1F /* GridLayoutExampleTests */ = {
			isa = PBXGroup;
			children = (
				2DE6CB9C24013CB600C99E1F /* GridLayoutExampleTests.swift */,
				2DE6CB9E24013CB600C99E1F /* Info.plist */,
			);
			path = GridLayoutExampleTests;
			sourceTree = "<group>";
		};
/* End PBXGroup section */

/* Begin PBXHeadersBuildPhase section */
		2DE6CB6F24013C8500C99E1F /* Headers */ = {
			isa = PBXHeadersBuildPhase;
			buildActionMask = 2147483647;
			files = (
				2DE6CB7924013C8500C99E1F /* GridLayout.h in Headers */,
			);
			runOnlyForDeploymentPostprocessing = 0;
		};
/* End PBXHeadersBuildPhase section */

/* Begin PBXNativeTarget section */
		2DE6CB7324013C8500C99E1F /* GridLayout */ = {
			isa = PBXNativeTarget;
			buildConfigurationList = 2DE6CB7C24013C8500C99E1F /* Build configuration list for PBXNativeTarget "GridLayout" */;
			buildPhases = (
				2DE6CB6F24013C8500C99E1F /* Headers */,
				2DE6CB7024013C8500C99E1F /* Sources */,
				2DE6CB7124013C8500C99E1F /* Frameworks */,
				2DE6CB7224013C8500C99E1F /* Resources */,
			);
			buildRules = (
			);
			dependencies = (
			);
			name = GridLayout;
			productName = GridLayout;
			productReference = 2DE6CB7424013C8500C99E1F /* GridLayout.framework */;
			productType = "com.apple.product-type.framework";
		};
		2DE6CB8224013CB400C99E1F /* GridLayoutExample */ = {
			isa = PBXNativeTarget;
			buildConfigurationList = 2DE6CB9F24013CB600C99E1F /* Build configuration list for PBXNativeTarget "GridLayoutExample" */;
			buildPhases = (
				2DE6CB7F24013CB400C99E1F /* Sources */,
				2DE6CB8024013CB400C99E1F /* Frameworks */,
				2DE6CB8124013CB400C99E1F /* Resources */,
			);
			buildRules = (
			);
			dependencies = (
				2DE6CBA624013D5600C99E1F /* PBXTargetDependency */,
			);
			name = GridLayoutExample;
			productName = GridLayoutExample;
			productReference = 2DE6CB8324013CB400C99E1F /* GridLayoutExample.app */;
			productType = "com.apple.product-type.application";
		};
		2DE6CB9724013CB600C99E1F /* GridLayoutExampleTests */ = {
			isa = PBXNativeTarget;
			buildConfigurationList = 2DE6CBA224013CB600C99E1F /* Build configuration list for PBXNativeTarget "GridLayoutExampleTests" */;
			buildPhases = (
				2DE6CB9424013CB600C99E1F /* Sources */,
				2DE6CB9524013CB600C99E1F /* Frameworks */,
				2DE6CB9624013CB600C99E1F /* Resources */,
			);
			buildRules = (
			);
			dependencies = (
				2DE6CB9A24013CB600C99E1F /* PBXTargetDependency */,
			);
			name = GridLayoutExampleTests;
			productName = GridLayoutExampleTests;
			productReference = 2DE6CB9824013CB600C99E1F /* GridLayoutExampleTests.xctest */;
			productType = "com.apple.product-type.bundle.unit-test";
		};
/* End PBXNativeTarget section */

/* Begin PBXProject section */
		2DE6CB6B24013C8500C99E1F /* Project object */ = {
			isa = PBXProject;
			attributes = {
				LastSwiftUpdateCheck = 1140;
				LastUpgradeCheck = 1140;
				ORGANIZATIONNAME = "Damian Kolasiński";
				TargetAttributes = {
					2DE6CB7324013C8500C99E1F = {
						CreatedOnToolsVersion = 11.4;
					};
					2DE6CB8224013CB400C99E1F = {
						CreatedOnToolsVersion = 11.4;
					};
					2DE6CB9724013CB600C99E1F = {
						CreatedOnToolsVersion = 11.4;
						TestTargetID = 2DE6CB8224013CB400C99E1F;
					};
				};
			};
			buildConfigurationList = 2DE6CB6E24013C8500C99E1F /* Build configuration list for PBXProject "GridLayout" */;
			compatibilityVersion = "Xcode 9.3";
			developmentRegion = en;
			hasScannedForEncodings = 0;
			knownRegions = (
				en,
				Base,
			);
			mainGroup = 2DE6CB6A24013C8500C99E1F;
			productRefGroup = 2DE6CB7524013C8500C99E1F /* Products */;
			projectDirPath = "";
			projectRoot = "";
			targets = (
				2DE6CB8224013CB400C99E1F /* GridLayoutExample */,
				2DE6CB9724013CB600C99E1F /* GridLayoutExampleTests */,
				2DE6CB7324013C8500C99E1F /* GridLayout */,
			);
		};
/* End PBXProject section */

/* Begin PBXResourcesBuildPhase section */
		2DE6CB7224013C8500C99E1F /* Resources */ = {
			isa = PBXResourcesBuildPhase;
			buildActionMask = 2147483647;
			files = (
			);
			runOnlyForDeploymentPostprocessing = 0;
		};
		2DE6CB8124013CB400C99E1F /* Resources */ = {
			isa = PBXResourcesBuildPhase;
			buildActionMask = 2147483647;
			files = (
				2DE6CB9224013CB600C99E1F /* LaunchScreen.storyboard in Resources */,
				2DE6CB8C24013CB600C99E1F /* Assets.xcassets in Resources */,
			);
			runOnlyForDeploymentPostprocessing = 0;
		};
		2DE6CB9624013CB600C99E1F /* Resources */ = {
			isa = PBXResourcesBuildPhase;
			buildActionMask = 2147483647;
			files = (
			);
			runOnlyForDeploymentPostprocessing = 0;
		};
/* End PBXResourcesBuildPhase section */

/* Begin PBXSourcesBuildPhase section */
		2DE6CB7024013C8500C99E1F /* Sources */ = {
			isa = PBXSourcesBuildPhase;
			buildActionMask = 2147483647;
			files = (
			);
			runOnlyForDeploymentPostprocessing = 0;
		};
		2DE6CB7F24013CB400C99E1F /* Sources */ = {
			isa = PBXSourcesBuildPhase;
			buildActionMask = 2147483647;
			files = (
				2DE6CB8624013CB400C99E1F /* AppDelegate.swift in Sources */,
			);
			runOnlyForDeploymentPostprocessing = 0;
		};
		2DE6CB9424013CB600C99E1F /* Sources */ = {
			isa = PBXSourcesBuildPhase;
			buildActionMask = 2147483647;
			files = (
				2DE6CB9D24013CB600C99E1F /* GridLayoutExampleTests.swift in Sources */,
			);
			runOnlyForDeploymentPostprocessing = 0;
		};
/* End PBXSourcesBuildPhase section */

/* Begin PBXTargetDependency section */
		2DE6CB9A24013CB600C99E1F /* PBXTargetDependency */ = {
			isa = PBXTargetDependency;
			target = 2DE6CB8224013CB400C99E1F /* GridLayoutExample */;
			targetProxy = 2DE6CB9924013CB600C99E1F /* PBXContainerItemProxy */;
		};
		2DE6CBA624013D5600C99E1F /* PBXTargetDependency */ = {
			isa = PBXTargetDependency;
			target = 2DE6CB7324013C8500C99E1F /* GridLayout */;
			targetProxy = 2DE6CBA524013D5600C99E1F /* PBXContainerItemProxy */;
		};
/* End PBXTargetDependency section */

/* Begin PBXVariantGroup section */
		2DE6CB9024013CB600C99E1F /* LaunchScreen.storyboard */ = {
			isa = PBXVariantGroup;
			children = (
				2DE6CB9124013CB600C99E1F /* Base */,
			);
			name = LaunchScreen.storyboard;
			sourceTree = "<group>";
		};
/* End PBXVariantGroup section */

/* Begin XCBuildConfiguration section */
		2DE6CB7A24013C8500C99E1F /* Debug */ = {
			isa = XCBuildConfiguration;
			buildSettings = {
				ALWAYS_SEARCH_USER_PATHS = NO;
				CLANG_ANALYZER_NONNULL = YES;
				CLANG_ANALYZER_NUMBER_OBJECT_CONVERSION = YES_AGGRESSIVE;
				CLANG_CXX_LANGUAGE_STANDARD = "gnu++14";
				CLANG_CXX_LIBRARY = "libc++";
				CLANG_ENABLE_MODULES = YES;
				CLANG_ENABLE_OBJC_ARC = YES;
				CLANG_ENABLE_OBJC_WEAK = YES;
				CLANG_WARN_BLOCK_CAPTURE_AUTORELEASING = YES;
				CLANG_WARN_BOOL_CONVERSION = YES;
				CLANG_WARN_COMMA = YES;
				CLANG_WARN_CONSTANT_CONVERSION = YES;
				CLANG_WARN_DEPRECATED_OBJC_IMPLEMENTATIONS = YES;
				CLANG_WARN_DIRECT_OBJC_ISA_USAGE = YES_ERROR;
				CLANG_WARN_DOCUMENTATION_COMMENTS = YES;
				CLANG_WARN_EMPTY_BODY = YES;
				CLANG_WARN_ENUM_CONVERSION = YES;
				CLANG_WARN_INFINITE_RECURSION = YES;
				CLANG_WARN_INT_CONVERSION = YES;
				CLANG_WARN_NON_LITERAL_NULL_CONVERSION = YES;
				CLANG_WARN_OBJC_IMPLICIT_RETAIN_SELF = YES;
				CLANG_WARN_OBJC_LITERAL_CONVERSION = YES;
				CLANG_WARN_OBJC_ROOT_CLASS = YES_ERROR;
				CLANG_WARN_RANGE_LOOP_ANALYSIS = YES;
				CLANG_WARN_STRICT_PROTOTYPES = YES;
				CLANG_WARN_SUSPICIOUS_MOVE = YES;
				CLANG_WARN_UNGUARDED_AVAILABILITY = YES_AGGRESSIVE;
				CLANG_WARN_UNREACHABLE_CODE = YES;
				CLANG_WARN__DUPLICATE_METHOD_MATCH = YES;
				COPY_PHASE_STRIP = NO;
				CURRENT_PROJECT_VERSION = 1;
				DEBUG_INFORMATION_FORMAT = dwarf;
				ENABLE_STRICT_OBJC_MSGSEND = YES;
				ENABLE_TESTABILITY = YES;
				GCC_C_LANGUAGE_STANDARD = gnu11;
				GCC_DYNAMIC_NO_PIC = NO;
				GCC_NO_COMMON_BLOCKS = YES;
				GCC_OPTIMIZATION_LEVEL = 0;
				GCC_PREPROCESSOR_DEFINITIONS = (
					"DEBUG=1",
					"$(inherited)",
				);
				GCC_WARN_64_TO_32_BIT_CONVERSION = YES;
				GCC_WARN_ABOUT_RETURN_TYPE = YES_ERROR;
				GCC_WARN_UNDECLARED_SELECTOR = YES;
				GCC_WARN_UNINITIALIZED_AUTOS = YES_AGGRESSIVE;
				GCC_WARN_UNUSED_FUNCTION = YES;
				GCC_WARN_UNUSED_VARIABLE = YES;
				IPHONEOS_DEPLOYMENT_TARGET = 13.4;
				MTL_ENABLE_DEBUG_INFO = INCLUDE_SOURCE;
				MTL_FAST_MATH = YES;
				ONLY_ACTIVE_ARCH = YES;
				SDKROOT = iphoneos;
				SWIFT_ACTIVE_COMPILATION_CONDITIONS = DEBUG;
				SWIFT_OPTIMIZATION_LEVEL = "-Onone";
				VERSIONING_SYSTEM = "apple-generic";
				VERSION_INFO_PREFIX = "";
			};
			name = Debug;
		};
		2DE6CB7B24013C8500C99E1F /* Release */ = {
			isa = XCBuildConfiguration;
			buildSettings = {
				ALWAYS_SEARCH_USER_PATHS = NO;
				CLANG_ANALYZER_NONNULL = YES;
				CLANG_ANALYZER_NUMBER_OBJECT_CONVERSION = YES_AGGRESSIVE;
				CLANG_CXX_LANGUAGE_STANDARD = "gnu++14";
				CLANG_CXX_LIBRARY = "libc++";
				CLANG_ENABLE_MODULES = YES;
				CLANG_ENABLE_OBJC_ARC = YES;
				CLANG_ENABLE_OBJC_WEAK = YES;
				CLANG_WARN_BLOCK_CAPTURE_AUTORELEASING = YES;
				CLANG_WARN_BOOL_CONVERSION = YES;
				CLANG_WARN_COMMA = YES;
				CLANG_WARN_CONSTANT_CONVERSION = YES;
				CLANG_WARN_DEPRECATED_OBJC_IMPLEMENTATIONS = YES;
				CLANG_WARN_DIRECT_OBJC_ISA_USAGE = YES_ERROR;
				CLANG_WARN_DOCUMENTATION_COMMENTS = YES;
				CLANG_WARN_EMPTY_BODY = YES;
				CLANG_WARN_ENUM_CONVERSION = YES;
				CLANG_WARN_INFINITE_RECURSION = YES;
				CLANG_WARN_INT_CONVERSION = YES;
				CLANG_WARN_NON_LITERAL_NULL_CONVERSION = YES;
				CLANG_WARN_OBJC_IMPLICIT_RETAIN_SELF = YES;
				CLANG_WARN_OBJC_LITERAL_CONVERSION = YES;
				CLANG_WARN_OBJC_ROOT_CLASS = YES_ERROR;
				CLANG_WARN_RANGE_LOOP_ANALYSIS = YES;
				CLANG_WARN_STRICT_PROTOTYPES = YES;
				CLANG_WARN_SUSPICIOUS_MOVE = YES;
				CLANG_WARN_UNGUARDED_AVAILABILITY = YES_AGGRESSIVE;
				CLANG_WARN_UNREACHABLE_CODE = YES;
				CLANG_WARN__DUPLICATE_METHOD_MATCH = YES;
				COPY_PHASE_STRIP = NO;
				CURRENT_PROJECT_VERSION = 1;
				DEBUG_INFORMATION_FORMAT = "dwarf-with-dsym";
				ENABLE_NS_ASSERTIONS = NO;
				ENABLE_STRICT_OBJC_MSGSEND = YES;
				GCC_C_LANGUAGE_STANDARD = gnu11;
				GCC_NO_COMMON_BLOCKS = YES;
				GCC_WARN_64_TO_32_BIT_CONVERSION = YES;
				GCC_WARN_ABOUT_RETURN_TYPE = YES_ERROR;
				GCC_WARN_UNDECLARED_SELECTOR = YES;
				GCC_WARN_UNINITIALIZED_AUTOS = YES_AGGRESSIVE;
				GCC_WARN_UNUSED_FUNCTION = YES;
				GCC_WARN_UNUSED_VARIABLE = YES;
				IPHONEOS_DEPLOYMENT_TARGET = 13.4;
				MTL_ENABLE_DEBUG_INFO = NO;
				MTL_FAST_MATH = YES;
				SDKROOT = iphoneos;
				SWIFT_COMPILATION_MODE = wholemodule;
				SWIFT_OPTIMIZATION_LEVEL = "-O";
				VALIDATE_PRODUCT = YES;
				VERSIONING_SYSTEM = "apple-generic";
				VERSION_INFO_PREFIX = "";
			};
			name = Release;
		};
		2DE6CB7D24013C8500C99E1F /* Debug */ = {
			isa = XCBuildConfiguration;
			buildSettings = {
				CODE_SIGN_STYLE = Automatic;
				DEFINES_MODULE = YES;
				DEVELOPMENT_TEAM = GX6ZJG76MC;
				DYLIB_COMPATIBILITY_VERSION = 1;
				DYLIB_CURRENT_VERSION = 1;
				DYLIB_INSTALL_NAME_BASE = "@rpath";
				INFOPLIST_FILE = GridLayout/Info.plist;
				INSTALL_PATH = "$(LOCAL_LIBRARY_DIR)/Frameworks";
				IPHONEOS_DEPLOYMENT_TARGET = 13.4;
				LD_RUNPATH_SEARCH_PATHS = (
					"$(inherited)",
					"@executable_path/Frameworks",
					"@loader_path/Frameworks",
				);
				PRODUCT_BUNDLE_IDENTIFIER = com.damian.kolasinski.GridLayout;
				PRODUCT_NAME = "$(TARGET_NAME:c99extidentifier)";
				SKIP_INSTALL = YES;
				SWIFT_VERSION = 5.0;
				TARGETED_DEVICE_FAMILY = "1,2";
			};
			name = Debug;
		};
		2DE6CB7E24013C8500C99E1F /* Release */ = {
			isa = XCBuildConfiguration;
			buildSettings = {
				CODE_SIGN_STYLE = Automatic;
				DEFINES_MODULE = YES;
				DEVELOPMENT_TEAM = GX6ZJG76MC;
				DYLIB_COMPATIBILITY_VERSION = 1;
				DYLIB_CURRENT_VERSION = 1;
				DYLIB_INSTALL_NAME_BASE = "@rpath";
				INFOPLIST_FILE = GridLayout/Info.plist;
				INSTALL_PATH = "$(LOCAL_LIBRARY_DIR)/Frameworks";
				IPHONEOS_DEPLOYMENT_TARGET = 13.4;
				LD_RUNPATH_SEARCH_PATHS = (
					"$(inherited)",
					"@executable_path/Frameworks",
					"@loader_path/Frameworks",
				);
				PRODUCT_BUNDLE_IDENTIFIER = com.damian.kolasinski.GridLayout;
				PRODUCT_NAME = "$(TARGET_NAME:c99extidentifier)";
				SKIP_INSTALL = YES;
				SWIFT_VERSION = 5.0;
				TARGETED_DEVICE_FAMILY = "1,2";
			};
			name = Release;
		};
		2DE6CBA024013CB600C99E1F /* Debug */ = {
			isa = XCBuildConfiguration;
			buildSettings = {
				ASSETCATALOG_COMPILER_APPICON_NAME = AppIcon;
				CODE_SIGN_STYLE = Automatic;
				DEVELOPMENT_TEAM = GX6ZJG76MC;
				ENABLE_PREVIEWS = YES;
				INFOPLIST_FILE = GridLayoutExample/Info.plist;
				LD_RUNPATH_SEARCH_PATHS = (
					"$(inherited)",
					"@executable_path/Frameworks",
				);
				PRODUCT_BUNDLE_IDENTIFIER = com.damian.kolasinski.GridLayoutExample;
				PRODUCT_NAME = "$(TARGET_NAME)";
				SWIFT_VERSION = 5.0;
				TARGETED_DEVICE_FAMILY = "1,2";
			};
			name = Debug;
		};
		2DE6CBA124013CB600C99E1F /* Release */ = {
			isa = XCBuildConfiguration;
			buildSettings = {
				ASSETCATALOG_COMPILER_APPICON_NAME = AppIcon;
				CODE_SIGN_STYLE = Automatic;
				DEVELOPMENT_TEAM = GX6ZJG76MC;
				ENABLE_PREVIEWS = YES;
				INFOPLIST_FILE = GridLayoutExample/Info.plist;
				LD_RUNPATH_SEARCH_PATHS = (
					"$(inherited)",
					"@executable_path/Frameworks",
				);
				PRODUCT_BUNDLE_IDENTIFIER = com.damian.kolasinski.GridLayoutExample;
				PRODUCT_NAME = "$(TARGET_NAME)";
				SWIFT_VERSION = 5.0;
				TARGETED_DEVICE_FAMILY = "1,2";
			};
			name = Release;
		};
		2DE6CBA324013CB600C99E1F /* Debug */ = {
			isa = XCBuildConfiguration;
			buildSettings = {
				ALWAYS_EMBED_SWIFT_STANDARD_LIBRARIES = YES;
				BUNDLE_LOADER = "$(TEST_HOST)";
				CODE_SIGN_STYLE = Automatic;
				DEVELOPMENT_TEAM = GX6ZJG76MC;
				INFOPLIST_FILE = GridLayoutExampleTests/Info.plist;
				IPHONEOS_DEPLOYMENT_TARGET = 13.4;
				LD_RUNPATH_SEARCH_PATHS = (
					"$(inherited)",
					"@executable_path/Frameworks",
					"@loader_path/Frameworks",
				);
				PRODUCT_BUNDLE_IDENTIFIER = com.damian.kolasinski.GridLayoutExampleTests;
				PRODUCT_NAME = "$(TARGET_NAME)";
				SWIFT_VERSION = 5.0;
				TARGETED_DEVICE_FAMILY = "1,2";
				TEST_HOST = "$(BUILT_PRODUCTS_DIR)/GridLayoutExample.app/GridLayoutExample";
			};
			name = Debug;
		};
		2DE6CBA424013CB600C99E1F /* Release */ = {
			isa = XCBuildConfiguration;
			buildSettings = {
				ALWAYS_EMBED_SWIFT_STANDARD_LIBRARIES = YES;
				BUNDLE_LOADER = "$(TEST_HOST)";
				CODE_SIGN_STYLE = Automatic;
				DEVELOPMENT_TEAM = GX6ZJG76MC;
				INFOPLIST_FILE = GridLayoutExampleTests/Info.plist;
				IPHONEOS_DEPLOYMENT_TARGET = 13.4;
				LD_RUNPATH_SEARCH_PATHS = (
					"$(inherited)",
					"@executable_path/Frameworks",
					"@loader_path/Frameworks",
				);
				PRODUCT_BUNDLE_IDENTIFIER = com.damian.kolasinski.GridLayoutExampleTests;
				PRODUCT_NAME = "$(TARGET_NAME)";
				SWIFT_VERSION = 5.0;
				TARGETED_DEVICE_FAMILY = "1,2";
				TEST_HOST = "$(BUILT_PRODUCTS_DIR)/GridLayoutExample.app/GridLayoutExample";
			};
			name = Release;
		};
/* End XCBuildConfiguration section */

/* Begin XCConfigurationList section */
		2DE6CB6E24013C8500C99E1F /* Build configuration list for PBXProject "GridLayout" */ = {
			isa = XCConfigurationList;
			buildConfigurations = (
				2DE6CB7A24013C8500C99E1F /* Debug */,
				2DE6CB7B24013C8500C99E1F /* Release */,
			);
			defaultConfigurationIsVisible = 0;
			defaultConfigurationName = Release;
		};
		2DE6CB7C24013C8500C99E1F /* Build configuration list for PBXNativeTarget "GridLayout" */ = {
			isa = XCConfigurationList;
			buildConfigurations = (
				2DE6CB7D24013C8500C99E1F /* Debug */,
				2DE6CB7E24013C8500C99E1F /* Release */,
			);
			defaultConfigurationIsVisible = 0;
			defaultConfigurationName = Release;
		};
		2DE6CB9F24013CB600C99E1F /* Build configuration list for PBXNativeTarget "GridLayoutExample" */ = {
			isa = XCConfigurationList;
			buildConfigurations = (
				2DE6CBA024013CB600C99E1F /* Debug */,
				2DE6CBA124013CB600C99E1F /* Release */,
			);
			defaultConfigurationIsVisible = 0;
			defaultConfigurationName = Release;
		};
		2DE6CBA224013CB600C99E1F /* Build configuration list for PBXNativeTarget "GridLayoutExampleTests" */ = {
			isa = XCConfigurationList;
			buildConfigurations = (
				2DE6CBA324013CB600C99E1F /* Debug */,
				2DE6CBA424013CB600C99E1F /* Release */,
			);
			defaultConfigurationIsVisible = 0;
			defaultConfigurationName = Release;
		};
/* End XCConfigurationList section */
	};
	rootObject = 2DE6CB6B24013C8500C99E1F /* Project object */;
}
